{
  "pins" : [
    {
      "identity" : "clmdb",
      "kind" : "remoteSourceControl",
      "location" : "https://github.com/vaibahv7888/CLMDB_github.git",
      "state" : {
        "revision" : "3088fac6c67507e4eee03668a6714b4c31909ba8",
        "version" : "0.9.33"
      }
    }
  ],
  "version" : 2
}
